// !$*UTF8*$!
{
	archiveVersion = 1;
	classes = {
	};
	objectVersion = 77;
	objects = {

/* Begin PBXContainerItemProxy section */
		77AADDBB2D5E44790081F3D9 /* PBXContainerItemProxy */ = {
			isa = PBXContainerItemProxy;
			containerPortal = 77AADD9C2D5E44760081F3D9 /* Project object */;
			proxyType = 1;
			remoteGlobalIDString = 77AADDA32D5E44760081F3D9;
			remoteInfo = firstUIProject;
		};
		77AADDC52D5E44790081F3D9 /* PBXContainerItemProxy */ = {
			isa = PBXContainerItemProxy;
			containerPortal = 77AADD9C2D5E44760081F3D9 /* Project object */;
			proxyType = 1;
			remoteGlobalIDString = 77AADDA32D5E44760081F3D9;
			remoteInfo = firstUIProject;
		};
/* End PBXContainerItemProxy section */

/* Begin PBXFileReference section */
		77AADDA42D5E44760081F3D9 /* firstUIProject.app */ = {isa = PBXFileReference; explicitFileType = wrapper.application; includeInIndex = 0; path = firstUIProject.app; sourceTree = BUILT_PRODUCTS_DIR; };
		77AADDBA2D5E44790081F3D9 /* firstUIProjectTests.xctest */ = {isa = PBXFileReference; explicitFileType = wrapper.cfbundle; includeInIndex = 0; path = firstUIProjectTests.xctest; sourceTree = BUILT_PRODUCTS_DIR; };
		77AADDC42D5E44790081F3D9 /* firstUIProjectUITests.xctest */ = {isa = PBXFileReference; explicitFileType = wrapper.cfbundle; includeInIndex = 0; path = firstUIProjectUITests.xctest; sourceTree = BUILT_PRODUCTS_DIR; };
/* End PBXFileReference section */

/* Begin PBXFileSystemSynchronizedBuildFileExceptionSet section */
		77E049092D65195F00C5713C /* Exceptions for "firstUIProject" folder in "firstUIProject" target */ = {
			isa = PBXFileSystemSynchronizedBuildFileExceptionSet;
			membershipExceptions = (
				Info.plist,
			);
			target = 77AADDA32D5E44760081F3D9 /* firstUIProject */;
		};
/* End PBXFileSystemSynchronizedBuildFileExceptionSet section */

/* Begin PBXFileSystemSynchronizedRootGroup section */
		77AADDBD2D5E44790081F3D9 /* firstUIProjectTests */ = {
			isa = PBXFileSystemSynchronizedRootGroup;
			path = firstUIProjectTests;
			sourceTree = "<group>";
		};
		77AADDC72D5E44790081F3D9 /* firstUIProjectUITests */ = {
			isa = PBXFileSystemSynchronizedRootGroup;
			path = firstUIProjectUITests;
			sourceTree = "<group>";
		};
		77E048FA2D65195F00C5713C /* firstUIProject */ = {
			isa = PBXFileSystemSynchronizedRootGroup;
			exceptions = (
				77E049092D65195F00C5713C /* Exceptions for "firstUIProject" folder in "firstUIProject" target */,
			);
			path = firstUIProject;
			sourceTree = "<group>";
		};
/* End PBXFileSystemSynchronizedRootGroup section */

/* Begin PBXFrameworksBuildPhase section */
		77AADDA12D5E44760081F3D9 /* Frameworks */ = {
			isa = PBXFrameworksBuildPhase;
			buildActionMask = 2147483647;
			files = (
			);
			runOnlyForDeploymentPostprocessing = 0;
		};
		77AADDB72D5E44790081F3D9 /* Frameworks */ = {
			isa = PBXFrameworksBuildPhase;
			buildActionMask = 2147483647;
			files = (
			);
			runOnlyForDeploymentPostprocessing = 0;
		};
		77AADDC12D5E44790081F3D9 /* Frameworks */ = {
			isa = PBXFrameworksBuildPhase;
			buildActionMask = 2147483647;
			files = (
			);
			runOnlyForDeploymentPostprocessing = 0;
		};
/* End PBXFrameworksBuildPhase section */

/* Begin PBXGroup section */
		77AADD9B2D5E44760081F3D9 = {
			isa = PBXGroup;
			children = (
				77E048FA2D65195F00C5713C /* firstUIProject */,
				77AADDBD2D5E44790081F3D9 /* firstUIProjectTests */,
				77AADDC72D5E44790081F3D9 /* firstUIProjectUITests */,
				77AADDA52D5E44760081F3D9 /* Products */,
			);
			sourceTree = "<group>";
		};
		77AADDA52D5E44760081F3D9 /* Products */ = {
			isa = PBXGroup;
			children = (
				77AADDA42D5E44760081F3D9 /* firstUIProject.app */,
				77AADDBA2D5E44790081F3D9 /* firstUIProjectTests.xctest */,
				77AADDC42D5E44790081F3D9 /* firstUIProjectUITests.xctest */,
			);
			name = Products;
			sourceTree = "<group>";
		};
/* End PBXGroup section */

/* Begin PBXNativeTarget section */
		77AADDA32D5E44760081F3D9 /* firstUIProject */ = {
			isa = PBXNativeTarget;
			buildConfigurationList = 77AADDCD2D5E44790081F3D9 /* Build configuration list for PBXNativeTarget "firstUIProject" */;
			buildPhases = (
				77AADDA02D5E44760081F3D9 /* Sources */,
				77AADDA12D5E44760081F3D9 /* Frameworks */,
				77AADDA22D5E44760081F3D9 /* Resources */,
			);
			buildRules = (
			);
			dependencies = (
			);
			fileSystemSynchronizedGroups = (
				77E048FA2D65195F00C5713C /* firstUIProject */,
			);
			name = firstUIProject;
			packageProductDependencies = (
			);
			productName = firstUIProject;
			productReference = 77AADDA42D5E44760081F3D9 /* firstUIProject.app */;
			productType = "com.apple.product-type.application";
		};
		77AADDB92D5E44790081F3D9 /* firstUIProjectTests */ = {
			isa = PBXNativeTarget;
			buildConfigurationList = 77AADDD22D5E44790081F3D9 /* Build configuration list for PBXNativeTarget "firstUIProjectTests" */;
			buildPhases = (
				77AADDB62D5E44790081F3D9 /* Sources */,
				77AADDB72D5E44790081F3D9 /* Frameworks */,
				77AADDB82D5E44790081F3D9 /* Resources */,
			);
			buildRules = (
			);
			dependencies = (
				77AADDBC2D5E44790081F3D9 /* PBXTargetDependency */,
			);
			fileSystemSynchronizedGroups = (
				77AADDBD2D5E44790081F3D9 /* firstUIProjectTests */,
			);
			name = firstUIProjectTests;
			packageProductDependencies = (
			);
			productName = firstUIProjectTests;
			productReference = 77AADDBA2D5E44790081F3D9 /* firstUIProjectTests.xctest */;
			productType = "com.apple.product-type.bundle.unit-test";
		};
		77AADDC32D5E44790081F3D9 /* firstUIProjectUITests */ = {
			isa = PBXNativeTarget;
			buildConfigurationList = 77AADDD52D5E44790081F3D9 /* Build configuration list for PBXNativeTarget "firstUIProjectUITests" */;
			buildPhases = (
				77AADDC02D5E44790081F3D9 /* Sources */,
				77AADDC12D5E44790081F3D9 /* Frameworks */,
				77AADDC22D5E44790081F3D9 /* Resources */,
			);
			buildRules = (
			);
			dependencies = (
				77AADDC62D5E44790081F3D9 /* PBXTargetDependency */,
			);
			fileSystemSynchronizedGroups = (
				77AADDC72D5E44790081F3D9 /* firstUIProjectUITests */,
			);
			name = firstUIProjectUITests;
			packageProductDependencies = (
			);
			productName = firstUIProjectUITests;
			productReference = 77AADDC42D5E44790081F3D9 /* firstUIProjectUITests.xctest */;
			productType = "com.apple.product-type.bundle.ui-testing";
		};
/* End PBXNativeTarget section */

/* Begin PBXProject section */
		77AADD9C2D5E44760081F3D9 /* Project object */ = {
			isa = PBXProject;
			attributes = {
				BuildIndependentTargetsInParallel = 1;
				LastSwiftUpdateCheck = 1620;
				LastUpgradeCheck = 1620;
				TargetAttributes = {
					77AADDA32D5E44760081F3D9 = {
						CreatedOnToolsVersion = 16.2;
					};
					77AADDB92D5E44790081F3D9 = {
						CreatedOnToolsVersion = 16.2;
						TestTargetID = 77AADDA32D5E44760081F3D9;
					};
					77AADDC32D5E44790081F3D9 = {
						CreatedOnToolsVersion = 16.2;
						TestTargetID = 77AADDA32D5E44760081F3D9;
					};
				};
			};
			buildConfigurationList = 77AADD9F2D5E44760081F3D9 /* Build configuration list for PBXProject "firstUIProject" */;
			developmentRegion = en;
			hasScannedForEncodings = 0;
			knownRegions = (
				en,
				Base,
			);
			mainGroup = 77AADD9B2D5E44760081F3D9;
			minimizedProjectReferenceProxies = 1;
			preferredProjectObjectVersion = 77;
			productRefGroup = 77AADDA52D5E44760081F3D9 /* Products */;
			projectDirPath = "";
			projectRoot = "";
			targets = (
				77AADDA32D5E44760081F3D9 /* firstUIProject */,
				77AADDB92D5E44790081F3D9 /* firstUIProjectTests */,
				77AADDC32D5E44790081F3D9 /* firstUIProjectUITests */,
			);
		};
/* End PBXProject section */

/* Begin PBXResourcesBuildPhase section */
		77AADDA22D5E44760081F3D9 /* Resources */ = {
			isa = PBXResourcesBuildPhase;
			buildActionMask = 2147483647;
			files = (
			);
			runOnlyForDeploymentPostprocessing = 0;
		};
		77AADDB82D5E44790081F3D9 /* Resources */ = {
			isa = PBXResourcesBuildPhase;
			buildActionMask = 2147483647;
			files = (
			);
			runOnlyForDeploymentPostprocessing = 0;
		};
		77AADDC22D5E44790081F3D9 /* Resources */ = {
			isa = PBXResourcesBuildPhase;
			buildActionMask = 2147483647;
			files = (
			);
			runOnlyForDeploymentPostprocessing = 0;
		};
/* End PBXResourcesBuildPhase section */

/* Begin PBXSourcesBuildPhase section */
		77AADDA02D5E44760081F3D9 /* Sources */ = {
			isa = PBXSourcesBuildPhase;
			buildActionMask = 2147483647;
			files = (
			);
			runOnlyForDeploymentPostprocessing = 0;
		};
		77AADDB62D5E44790081F3D9 /* Sources */ = {
			isa = PBXSourcesBuildPhase;
			buildActionMask = 2147483647;
			files = (
			);
			runOnlyForDeploymentPostprocessing = 0;
		};
		77AADDC02D5E44790081F3D9 /* Sources */ = {
			isa = PBXSourcesBuildPhase;
			buildActionMask = 2147483647;
			files = (
			);
			runOnlyForDeploymentPostprocessing = 0;
		};
/* End PBXSourcesBuildPhase section */

/* Begin PBXTargetDependency section */
		77AADDBC2D5E44790081F3D9 /* PBXTargetDependency */ = {
			isa = PBXTargetDependency;
			target = 77AADDA32D5E44760081F3D9 /* firstUIProject */;
			targetProxy = 77AADDBB2D5E44790081F3D9 /* PBXContainerItemProxy */;
		};
		77AADDC62D5E44790081F3D9 /* PBXTargetDependency */ = {
			isa = PBXTargetDependency;
			target = 77AADDA32D5E44760081F3D9 /* firstUIProject */;
			targetProxy = 77AADDC52D5E44790081F3D9 /* PBXContainerItemProxy */;
		};
/* End PBXTargetDependency section */

/* Begin XCBuildConfiguration section */
		77AADDCE2D5E44790081F3D9 /* Debug */ = {
			isa = XCBuildConfiguration;
			buildSettings = {
				ASSETCATALOG_COMPILER_APPICON_NAME = AppIcon;
				ASSETCATALOG_COMPILER_GLOBAL_ACCENT_COLOR_NAME = AccentColor;
				CODE_SIGN_STYLE = Automatic;
				CURRENT_PROJECT_VERSION = 1;
				GENERATE_INFOPLIST_FILE = YES;
				INFOPLIST_FILE = firstUIProject/Info.plist;
				INFOPLIST_KEY_UIApplicationSupportsIndirectInputEvents = YES;
				INFOPLIST_KEY_UILaunchStoryboardName = LaunchScreen;
				INFOPLIST_KEY_UIMainStoryboardFile = Main;
				INFOPLIST_KEY_UISupportedInterfaceOrientations_iPad = "UIInterfaceOrientationPortrait UIInterfaceOrientationPortraitUpsideDown UIInterfaceOrientationLandscapeLeft UIInterfaceOrientationLandscapeRight";
				INFOPLIST_KEY_UISupportedInterfaceOrientations_iPhone = "UIInterfaceOrientationPortrait UIInterfaceOrientationLandscapeLeft UIInterfaceOrientationLandscapeRight";
				LD_RUNPATH_SEARCH_PATHS = (
					"$(inherited)",
					"@executable_path/Frameworks",
				);
				MARKETING_VERSION = 1.0;
				PRODUCT_BUNDLE_IDENTIFIER = com.ios.firstUIProject;
				PRODUCT_NAME = "$(TARGET_NAME)";
				SWIFT_EMIT_LOC_STRINGS = YES;
				SWIFT_VERSION = 5.0;
				TARGETED_DEVICE_FAMILY = "1,2";
			};
			name = Debug;
		};
		77AADDCF2D5E44790081F3D9 /* Release */ = {
			isa = XCBuildConfiguration;
			buildSettings = {
				ASSETCATALOG_COMPILER_APPICON_NAME = AppIcon;
				ASSETCATALOG_COMPILER_GLOBAL_ACCENT_COLOR_NAME = AccentColor;
				CODE_SIGN_STYLE = Automatic;
				CURRENT_PROJECT_VERSION = 1;
				GENERATE_INFOPLIST_FILE = YES;
				INFOPLIST_FILE = firstUIProject/Info.plist;
				INFOPLIST_KEY_UIApplicationSupportsIndirectInputEvents = YES;
				INFOPLIST_KEY_UILaunchStoryboardName = LaunchScreen;
				INFOPLIST_KEY_UIMainStoryboardFile = Main;
				INFOPLIST_KEY_UISupportedInterfaceOrientations_iPad = "UIInterfaceOrientationPortrait UIInterfaceOrientationPortraitUpsideDown UIInterfaceOrientationLandscapeLeft UIInterfaceOrientationLandscapeRight";
				INFOPLIST_KEY_UISupportedInterfaceOrientations_iPhone = "UIInterfaceOrientationPortrait UIInterfaceOrientationLandscapeLeft UIInterfaceOrientationLandscapeRight";
				LD_RUNPATH_SEARCH_PATHS = (
					"$(inherited)",
					"@executable_path/Frameworks",
				);
				MARKETING_VERSION = 1.0;
				PRODUCT_BUNDLE_IDENTIFIER = com.ios.firstUIProject;
				PRODUCT_NAME = "$(TARGET_NAME)";
				SWIFT_EMIT_LOC_STRINGS = YES;
				SWIFT_VERSION = 5.0;
				TARGETED_DEVICE_FAMILY = "1,2";
			};
			name = Release;
		};
		77AADDD02D5E44790081F3D9 /* Debug */ = {
			isa = XCBuildConfiguration;
			buildSettings = {
				ALWAYS_SEARCH_USER_PATHS = NO;
				ASSETCATALOG_COMPILER_GENERATE_SWIFT_ASSET_SYMBOL_EXTENSIONS = YES;
				CLANG_ANALYZER_NONNULL = YES;
				CLANG_ANALYZER_NUMBER_OBJECT_CONVERSION = YES_AGGRESSIVE;
				CLANG_CXX_LANGUAGE_STANDARD = "gnu++20";
				CLANG_ENABLE_MODULES = YES;
				CLANG_ENABLE_OBJC_ARC = YES;
				CLANG_ENABLE_OBJC_WEAK = YES;
				CLANG_WARN_BLOCK_CAPTURE_AUTORELEASING = YES;
				CLANG_WARN_BOOL_CONVERSION = YES;
				CLANG_WARN_COMMA = YES;
				CLANG_WARN_CONSTANT_CONVERSION = YES;
				CLANG_WARN_DEPRECATED_OBJC_IMPLEMENTATIONS = YES;
				CLANG_WARN_DIRECT_OBJC_ISA_USAGE = YES_ERROR;
				CLANG_WARN_DOCUMENTATION_COMMENTS = YES;
				CLANG_WARN_EMPTY_BODY = YES;
				CLANG_WARN_ENUM_CONVERSION = YES;
				CLANG_WARN_INFINITE_RECURSION = YES;
				CLANG_WARN_INT_CONVERSION = YES;
				CLANG_WARN_NON_LITERAL_NULL_CONVERSION = YES;
				CLANG_WARN_OBJC_IMPLICIT_RETAIN_SELF = YES;
				CLANG_WARN_OBJC_LITERAL_CONVERSION = YES;
				CLANG_WARN_OBJC_ROOT_CLASS = YES_ERROR;
				CLANG_WARN_QUOTED_INCLUDE_IN_FRAMEWORK_HEADER = YES;
				CLANG_WARN_RANGE_LOOP_ANALYSIS = YES;
				CLANG_WARN_STRICT_PROTOTYPES = YES;
				CLANG_WARN_SUSPICIOUS_MOVE = YES;
				CLANG_WARN_UNGUARDED_AVAILABILITY = YES_AGGRESSIVE;
				CLANG_WARN_UNREACHABLE_CODE = YES;
				CLANG_WARN__DUPLICATE_METHOD_MATCH = YES;
				COPY_PHASE_STRIP = NO;
				DEBUG_INFORMATION_FORMAT = dwarf;
				ENABLE_STRICT_OBJC_MSGSEND = YES;
				ENABLE_TESTABILITY = YES;
				ENABLE_USER_SCRIPT_SANDBOXING = YES;
				GCC_C_LANGUAGE_STANDARD = gnu17;
				GCC_DYNAMIC_NO_PIC = NO;
				GCC_NO_COMMON_BLOCKS = YES;
				GCC_OPTIMIZATION_LEVEL = 0;
				GCC_PREPROCESSOR_DEFINITIONS = (
					"DEBUG=1",
					"$(inherited)",
				);
				GCC_WARN_64_TO_32_BIT_CONVERSION = YES;
				GCC_WARN_ABOUT_RETURN_TYPE = YES_ERROR;
				GCC_WARN_UNDECLARED_SELECTOR = YES;
				GCC_WARN_UNINITIALIZED_AUTOS = YES_AGGRESSIVE;
				GCC_WARN_UNUSED_FUNCTION = YES;
				GCC_WARN_UNUSED_VARIABLE = YES;
				IPHONEOS_DEPLOYMENT_TARGET = 18.2;
				LOCALIZATION_PREFERS_STRING_CATALOGS = YES;
				MTL_ENABLE_DEBUG_INFO = INCLUDE_SOURCE;
				MTL_FAST_MATH = YES;
				ONLY_ACTIVE_ARCH = YES;
				SDKROOT = iphoneos;
				SWIFT_ACTIVE_COMPILATION_CONDITIONS = "DEBUG $(inherited)";
				SWIFT_OPTIMIZATION_LEVEL = "-Onone";
			};
			name = Debug;
		};
		77AADDD12D5E44790081F3D9 /* Release */ = {
			isa = XCBuildConfiguration;
			buildSettings = {
				ALWAYS_SEARCH_USER_PATHS = NO;
				ASSETCATALOG_COMPILER_GENERATE_SWIFT_ASSET_SYMBOL_EXTENSIONS = YES;
				CLANG_ANALYZER_NONNULL = YES;
				CLANG_ANALYZER_NUMBER_OBJECT_CONVERSION = YES_AGGRESSIVE;
				CLANG_CXX_LANGUAGE_STANDARD = "gnu++20";
				CLANG_ENABLE_MODULES = YES;
				CLANG_ENABLE_OBJC_ARC = YES;
				CLANG_ENABLE_OBJC_WEAK = YES;
				CLANG_WARN_BLOCK_CAPTURE_AUTORELEASING = YES;
				CLANG_WARN_BOOL_CONVERSION = YES;
				CLANG_WARN_COMMA = YES;
				CLANG_WARN_CONSTANT_CONVERSION = YES;
				CLANG_WARN_DEPRECATED_OBJC_IMPLEMENTATIONS = YES;
				CLANG_WARN_DIRECT_OBJC_ISA_USAGE = YES_ERROR;
				CLANG_WARN_DOCUMENTATION_COMMENTS = YES;
				CLANG_WARN_EMPTY_BODY = YES;
				CLANG_WARN_ENUM_CONVERSION = YES;
				CLANG_WARN_INFINITE_RECURSION = YES;
				CLANG_WARN_INT_CONVERSION = YES;
				CLANG_WARN_NON_LITERAL_NULL_CONVERSION = YES;
				CLANG_WARN_OBJC_IMPLICIT_RETAIN_SELF = YES;
				CLANG_WARN_OBJC_LITERAL_CONVERSION = YES;
				CLANG_WARN_OBJC_ROOT_CLASS = YES_ERROR;
				CLANG_WARN_QUOTED_INCLUDE_IN_FRAMEWORK_HEADER = YES;
				CLANG_WARN_RANGE_LOOP_ANALYSIS = YES;
				CLANG_WARN_STRICT_PROTOTYPES = YES;
				CLANG_WARN_SUSPICIOUS_MOVE = YES;
				CLANG_WARN_UNGUARDED_AVAILABILITY = YES_AGGRESSIVE;
				CLANG_WARN_UNREACHABLE_CODE = YES;
				CLANG_WARN__DUPLICATE_METHOD_MATCH = YES;
				COPY_PHASE_STRIP = NO;
				DEBUG_INFORMATION_FORMAT = "dwarf-with-dsym";
				ENABLE_NS_ASSERTIONS = NO;
				ENABLE_STRICT_OBJC_MSGSEND = YES;
				ENABLE_USER_SCRIPT_SANDBOXING = YES;
				GCC_C_LANGUAGE_STANDARD = gnu17;
				GCC_NO_COMMON_BLOCKS = YES;
				GCC_WARN_64_TO_32_BIT_CONVERSION = YES;
				GCC_WARN_ABOUT_RETURN_TYPE = YES_ERROR;
				GCC_WARN_UNDECLARED_SELECTOR = YES;
				GCC_WARN_UNINITIALIZED_AUTOS = YES_AGGRESSIVE;
				GCC_WARN_UNUSED_FUNCTION = YES;
				GCC_WARN_UNUSED_VARIABLE = YES;
				IPHONEOS_DEPLOYMENT_TARGET = 18.2;
				LOCALIZATION_PREFERS_STRING_CATALOGS = YES;
				MTL_ENABLE_DEBUG_INFO = NO;
				MTL_FAST_MATH = YES;
				SDKROOT = iphoneos;
				SWIFT_COMPILATION_MODE = wholemodule;
				VALIDATE_PRODUCT = YES;
			};
			name = Release;
		};
		77AADDD32D5E44790081F3D9 /* Debug */ = {
			isa = XCBuildConfiguration;
			buildSettings = {
				BUNDLE_LOADER = "$(TEST_HOST)";
				CODE_SIGN_STYLE = Automatic;
				CURRENT_PROJECT_VERSION = 1;
				GENERATE_INFOPLIST_FILE = YES;
				IPHONEOS_DEPLOYMENT_TARGET = 18.2;
				MARKETING_VERSION = 1.0;
				PRODUCT_BUNDLE_IDENTIFIER = com.ios.firstUIProjectTests;
				PRODUCT_NAME = "$(TARGET_NAME)";
				SWIFT_EMIT_LOC_STRINGS = NO;
				SWIFT_VERSION = 5.0;
				TARGETED_DEVICE_FAMILY = "1,2";
				TEST_HOST = "$(BUILT_PRODUCTS_DIR)/firstUIProject.app/$(BUNDLE_EXECUTABLE_FOLDER_PATH)/firstUIProject";
			};
			name = Debug;
		};
		77AADDD42D5E44790081F3D9 /* Release */ = {
			isa = XCBuildConfiguration;
			buildSettings = {
				BUNDLE_LOADER = "$(TEST_HOST)";
				CODE_SIGN_STYLE = Automatic;
				CURRENT_PROJECT_VERSION = 1;
				GENERATE_INFOPLIST_FILE = YES;
				IPHONEOS_DEPLOYMENT_TARGET = 18.2;
				MARKETING_VERSION = 1.0;
				PRODUCT_BUNDLE_IDENTIFIER = com.ios.firstUIProjectTests;
				PRODUCT_NAME = "$(TARGET_NAME)";
				SWIFT_EMIT_LOC_STRINGS = NO;
				SWIFT_VERSION = 5.0;
				TARGETED_DEVICE_FAMILY = "1,2";
				TEST_HOST = "$(BUILT_PRODUCTS_DIR)/firstUIProject.app/$(BUNDLE_EXECUTABLE_FOLDER_PATH)/firstUIProject";
			};
			name = Release;
		};
		77AADDD62D5E44790081F3D9 /* Debug */ = {
			isa = XCBuildConfiguration;
			buildSettings = {
				CODE_SIGN_STYLE = Automatic;
				CURRENT_PROJECT_VERSION = 1;
				GENERATE_INFOPLIST_FILE = YES;
				MARKETING_VERSION = 1.0;
				PRODUCT_BUNDLE_IDENTIFIER = com.ios.firstUIProjectUITests;
				PRODUCT_NAME = "$(TARGET_NAME)";
				SWIFT_EMIT_LOC_STRINGS = NO;
				SWIFT_VERSION = 5.0;
				TARGETED_DEVICE_FAMILY = "1,2";
				TEST_TARGET_NAME = firstUIProject;
			};
			name = Debug;
		};
		77AADDD72D5E44790081F3D9 /* Release */ = {
			isa = XCBuildConfiguration;
			buildSettings = {
				CODE_SIGN_STYLE = Automatic;
				CURRENT_PROJECT_VERSION = 1;
				GENERATE_INFOPLIST_FILE = YES;
				MARKETING_VERSION = 1.0;
				PRODUCT_BUNDLE_IDENTIFIER = com.ios.firstUIProjectUITests;
				PRODUCT_NAME = "$(TARGET_NAME)";
				SWIFT_EMIT_LOC_STRINGS = NO;
				SWIFT_VERSION = 5.0;
				TARGETED_DEVICE_FAMILY = "1,2";
				TEST_TARGET_NAME = firstUIProject;
			};
			name = Release;
		};
/* End XCBuildConfiguration section */

/* Begin XCConfigurationList section */
		77AADD9F2D5E44760081F3D9 /* Build configuration list for PBXProject "firstUIProject" */ = {
			isa = XCConfigurationList;
			buildConfigurations = (
				77AADDD02D5E44790081F3D9 /* Debug */,
				77AADDD12D5E44790081F3D9 /* Release */,
			);
			defaultConfigurationIsVisible = 0;
			defaultConfigurationName = Release;
		};
		77AADDCD2D5E44790081F3D9 /* Build configuration list for PBXNativeTarget "firstUIProject" */ = {
			isa = XCConfigurationList;
			buildConfigurations = (
				77AADDCE2D5E44790081F3D9 /* Debug */,
				77AADDCF2D5E44790081F3D9 /* Release */,
			);
			defaultConfigurationIsVisible = 0;
			defaultConfigurationName = Release;
		};
		77AADDD22D5E44790081F3D9 /* Build configuration list for PBXNativeTarget "firstUIProjectTests" */ = {
			isa = XCConfigurationList;
			buildConfigurations = (
				77AADDD32D5E44790081F3D9 /* Debug */,
				77AADDD42D5E44790081F3D9 /* Release */,
			);
			defaultConfigurationIsVisible = 0;
			defaultConfigurationName = Release;
		};
		77AADDD52D5E44790081F3D9 /* Build configuration list for PBXNativeTarget "firstUIProjectUITests" */ = {
			isa = XCConfigurationList;
			buildConfigurations = (
				77AADDD62D5E44790081F3D9 /* Debug */,
				77AADDD72D5E44790081F3D9 /* Release */,
			);
			defaultConfigurationIsVisible = 0;
			defaultConfigurationName = Release;
		};
/* End XCConfigurationList section */
	};
	rootObject = 77AADD9C2D5E44760081F3D9 /* Project object */;
}
